
Microsoft Visual Studio Solution File, Format Version 12.00
# Visual Studio 2015
Project("{FAE04EC0-301F-11D3-BF4B-00C04F79EFBC}") = "VoipDemo", "VoipDemo.csproj", "{F3E0993B-8AB6-CF80-6196-F1259FEEBCFD}"
EndProject
Project("{FAE04EC0-301F-11D3-BF4B-00C04F79EFBC}") = "VoipDemo.Editor", "VoipDemo.Editor.csproj", "{F4DE5BC4-4C47-8483-C179-0FA8AE9B7FF9}"
EndProject
Global
	GlobalSection(SolutionConfigurationPlatforms) = preSolution
		Debug|Any CPU = Debug|Any CPU
		Release|Any CPU = Release|Any CPU
	EndGlobalSection
	GlobalSection(ProjectConfigurationPlatforms) = postSolution
		{F3E0993B-8AB6-CF80-6196-F1259FEEBCFD}.Debug|Any CPU.ActiveCfg = Debug|Any CPU
		{F3E0993B-8AB6-CF80-6196-F1259FEEBCFD}.Debug|Any CPU.Build.0 = Debug|Any CPU
		{F3E0993B-8AB6-CF80-6196-F1259FEEBCFD}.Release|Any CPU.ActiveCfg = Release|Any CPU
		{F3E0993B-8AB6-CF80-6196-F1259FEEBCFD}.Release|Any CPU.Build.0 = Release|Any CPU
		{F4DE5BC4-4C47-8483-C179-0FA8AE9B7FF9}.Debug|Any CPU.ActiveCfg = Debug|Any CPU
		{F4DE5BC4-4C47-8483-C179-0FA8AE9B7FF9}.Debug|Any CPU.Build.0 = Debug|Any CPU
		{F4DE5BC4-4C47-8483-C179-0FA8AE9B7FF9}.Release|Any CPU.ActiveCfg = Release|Any CPU
		{F4DE5BC4-4C47-8483-C179-0FA8AE9B7FF9}.Release|Any CPU.Build.0 = Release|Any CPU
	EndGlobalSection
	GlobalSection(SolutionProperties) = preSolution
		HideSolutionNode = FALSE
	EndGlobalSection
EndGlobal
